
Microsoft Visual Studio Solution File, Format Version 12.00
# Visual Studio Version 17
VisualStudioVersion = 17.5.33502.453
MinimumVisualStudioVersion = 10.0.40219.1
Project("{9A19103F-16F7-4668-BE54-9A1E7A4F7556}") = "MessageSender", "MessageSender\MessageSender.csproj", "{32B50647-B36C-4893-BC71-760AE4A05D56}"
EndProject
Project("{FAE04EC0-301F-11D3-BF4B-00C04F79EFBC}") = "MessageSender.Tests", "MessageSender.Tests\MessageSender.Tests.csproj", "{0788B464-5354-4EBD-A322-4D033BD4250C}"
EndProject
Global
	GlobalSection(SolutionConfigurationPlatforms) = preSolution
		Debug|Any CPU = Debug|Any CPU
		Release|Any CPU = Release|Any CPU
	EndGlobalSection
	GlobalSection(ProjectConfigurationPlatforms) = postSolution
		{32B50647-B36C-4893-BC71-760AE4A05D56}.Debug|Any CPU.ActiveCfg = Debug|Any CPU
		{32B50647-B36C-4893-BC71-760AE4A05D56}.Debug|Any CPU.Build.0 = Debug|Any CPU
		{32B50647-B36C-4893-BC71-760AE4A05D56}.Release|Any CPU.ActiveCfg = Release|Any CPU
		{32B50647-B36C-4893-BC71-760AE4A05D56}.Release|Any CPU.Build.0 = Release|Any CPU
		{0788B464-5354-4EBD-A322-4D033BD4250C}.Debug|Any CPU.ActiveCfg = Debug|Any CPU
		{0788B464-5354-4EBD-A322-4D033BD4250C}.Debug|Any CPU.Build.0 = Debug|Any CPU
		{0788B464-5354-4EBD-A322-4D033BD4250C}.Release|Any CPU.ActiveCfg = Release|Any CPU
		{0788B464-5354-4EBD-A322-4D033BD4250C}.Release|Any CPU.Build.0 = Release|Any CPU
	EndGlobalSection
	GlobalSection(SolutionProperties) = preSolution
		HideSolutionNode = FALSE
	EndGlobalSection
	GlobalSection(ExtensibilityGlobals) = postSolution
		SolutionGuid = {A1B8392C-A663-42B0-9DC6-438D90A3CACE}
	EndGlobalSection
EndGlobal
